// !$*UTF8*$!
{
	archiveVersion = 1;
	classes = {
	};
	objectVersion = 50;
	objects = {

/* Begin PBXBuildFile section */
		06B0158F2104AE18000A99E7 /* AppDelegate.swift in Sources */ = {isa = PBXBuildFile; fileRef = 06B0158E2104AE18000A99E7 /* AppDelegate.swift */; };
		06B015912104AE18000A99E7 /* ViewController.swift in Sources */ = {isa = PBXBuildFile; fileRef = 06B015902104AE18000A99E7 /* ViewController.swift */; };
		06B015942104AE18000A99E7 /* Main.storyboard in Resources */ = {isa = PBXBuildFile; fileRef = 06B015922104AE18000A99E7 /* Main.storyboard */; };
		06B015962104AE18000A99E7 /* Assets.xcassets in Resources */ = {isa = PBXBuildFile; fileRef = 06B015952104AE18000A99E7 /* Assets.xcassets */; };
		06B015992104AE18000A99E7 /* LaunchScreen.storyboard in Resources */ = {isa = PBXBuildFile; fileRef = 06B015972104AE18000A99E7 /* LaunchScreen.storyboard */; };
		06B015B02104AE3E000A99E7 /* TestableCode.swift in Sources */ = {isa = PBXBuildFile; fileRef = 06B015AF2104AE3E000A99E7 /* TestableCode.swift */; };
		06B015B72104AE49000A99E7 /* GithubRepository.swift in Sources */ = {isa = PBXBuildFile; fileRef = 06B015B22104AE49000A99E7 /* GithubRepository.swift */; };
		06B015B82104AE49000A99E7 /* GithubQueryResult.swift in Sources */ = {isa = PBXBuildFile; fileRef = 06B015B32104AE49000A99E7 /* GithubQueryResult.swift */; };
		06B015B92104AE49000A99E7 /* GithubRequest.swift in Sources */ = {isa = PBXBuildFile; fileRef = 06B015B42104AE49000A99E7 /* GithubRequest.swift */; };
		06B015BA2104AE49000A99E7 /* GithubOwner.swift in Sources */ = {isa = PBXBuildFile; fileRef = 06B015B52104AE49000A99E7 /* GithubOwner.swift */; };
		06B015BB2104AE49000A99E7 /* GithubCode.swift in Sources */ = {isa = PBXBuildFile; fileRef = 06B015B62104AE49000A99E7 /* GithubCode.swift */; };
		06B015BD2104AE51000A99E7 /* bigJson.json in Resources */ = {isa = PBXBuildFile; fileRef = 06B015BC2104AE51000A99E7 /* bigJson.json */; };
		06B015BF2104AE78000A99E7 /* Tests.swift in Sources */ = {isa = PBXBuildFile; fileRef = 06B015BE2104AE78000A99E7 /* Tests.swift */; };
/* End PBXBuildFile section */

/* Begin PBXContainerItemProxy section */
		06B015A02104AE18000A99E7 /* PBXContainerItemProxy */ = {
			isa = PBXContainerItemProxy;
			containerPortal = 06B015832104AE18000A99E7 /* Project object */;
			proxyType = 1;
			remoteGlobalIDString = 06B0158A2104AE18000A99E7;
			remoteInfo = TestingWithCISample;
		};
/* End PBXContainerItemProxy section */

/* Begin PBXFileReference section */
		06B0158B2104AE18000A99E7 /* TestingWithCISample.app */ = {isa = PBXFileReference; explicitFileType = wrapper.application; includeInIndex = 0; path = TestingWithCISample.app; sourceTree = BUILT_PRODUCTS_DIR; };
		06B0158E2104AE18000A99E7 /* AppDelegate.swift */ = {isa = PBXFileReference; lastKnownFileType = sourcecode.swift; path = AppDelegate.swift; sourceTree = "<group>"; };
		06B015902104AE18000A99E7 /* ViewController.swift */ = {isa = PBXFileReference; lastKnownFileType = sourcecode.swift; path = ViewController.swift; sourceTree = "<group>"; };
		06B015932104AE18000A99E7 /* Base */ = {isa = PBXFileReference; lastKnownFileType = file.storyboard; name = Base; path = Base.lproj/Main.storyboard; sourceTree = "<group>"; };
		06B015952104AE18000A99E7 /* Assets.xcassets */ = {isa = PBXFileReference; lastKnownFileType = folder.assetcatalog; path = Assets.xcassets; sourceTree = "<group>"; };
		06B015982104AE18000A99E7 /* Base */ = {isa = PBXFileReference; lastKnownFileType = file.storyboard; name = Base; path = Base.lproj/LaunchScreen.storyboard; sourceTree = "<group>"; };
		06B0159A2104AE18000A99E7 /* Info.plist */ = {isa = PBXFileReference; lastKnownFileType = text.plist.xml; path = Info.plist; sourceTree = "<group>"; };
		06B0159F2104AE18000A99E7 /* TestingWithCISampleTests.xctest */ = {isa = PBXFileReference; explicitFileType = wrapper.cfbundle; includeInIndex = 0; path = TestingWithCISampleTests.xctest; sourceTree = BUILT_PRODUCTS_DIR; };
		06B015A52104AE18000A99E7 /* Info.plist */ = {isa = PBXFileReference; lastKnownFileType = text.plist.xml; path = Info.plist; sourceTree = "<group>"; };
		06B015AF2104AE3E000A99E7 /* TestableCode.swift */ = {isa = PBXFileReference; fileEncoding = 4; lastKnownFileType = sourcecode.swift; path = TestableCode.swift; sourceTree = "<group>"; };
		06B015B22104AE49000A99E7 /* GithubRepository.swift */ = {isa = PBXFileReference; fileEncoding = 4; lastKnownFileType = sourcecode.swift; path = GithubRepository.swift; sourceTree = "<group>"; };
		06B015B32104AE49000A99E7 /* GithubQueryResult.swift */ = {isa = PBXFileReference; fileEncoding = 4; lastKnownFileType = sourcecode.swift; path = GithubQueryResult.swift; sourceTree = "<group>"; };
		06B015B42104AE49000A99E7 /* GithubRequest.swift */ = {isa = PBXFileReference; fileEncoding = 4; lastKnownFileType = sourcecode.swift; path = GithubRequest.swift; sourceTree = "<group>"; };
		06B015B52104AE49000A99E7 /* GithubOwner.swift */ = {isa = PBXFileReference; fileEncoding = 4; lastKnownFileType = sourcecode.swift; path = GithubOwner.swift; sourceTree = "<group>"; };
		06B015B62104AE49000A99E7 /* GithubCode.swift */ = {isa = PBXFileReference; fileEncoding = 4; lastKnownFileType = sourcecode.swift; path = GithubCode.swift; sourceTree = "<group>"; };
		06B015BC2104AE51000A99E7 /* bigJson.json */ = {isa = PBXFileReference; fileEncoding = 4; lastKnownFileType = text.json; path = bigJson.json; sourceTree = "<group>"; };
		06B015BE2104AE78000A99E7 /* Tests.swift */ = {isa = PBXFileReference; fileEncoding = 4; lastKnownFileType = sourcecode.swift; path = Tests.swift; sourceTree = "<group>"; };
/* End PBXFileReference section */

/* Begin PBXFrameworksBuildPhase section */
		06B015882104AE18000A99E7 /* Frameworks */ = {
			isa = PBXFrameworksBuildPhase;
			buildActionMask = 2147483647;
			files = (
			);
			runOnlyForDeploymentPostprocessing = 0;
		};
		06B0159C2104AE18000A99E7 /* Frameworks */ = {
			isa = PBXFrameworksBuildPhase;
			buildActionMask = 2147483647;
			files = (
			);
			runOnlyForDeploymentPostprocessing = 0;
		};
/* End PBXFrameworksBuildPhase section */

/* Begin PBXGroup section */
		06B015822104AE18000A99E7 = {
			isa = PBXGroup;
			children = (
				06B0158D2104AE18000A99E7 /* TestingWithCISample */,
				06B015A22104AE18000A99E7 /* TestingWithCISampleTests */,
				06B0158C2104AE18000A99E7 /* Products */,
			);
			sourceTree = "<group>";
		};
		06B0158C2104AE18000A99E7 /* Products */ = {
			isa = PBXGroup;
			children = (
				06B0158B2104AE18000A99E7 /* TestingWithCISample.app */,
				06B0159F2104AE18000A99E7 /* TestingWithCISampleTests.xctest */,
			);
			name = Products;
			sourceTree = "<group>";
		};
		06B0158D2104AE18000A99E7 /* TestingWithCISample */ = {
			isa = PBXGroup;
			children = (
				06B015AE2104AE24000A99E7 /* Supporting Files */,
				06B015902104AE18000A99E7 /* ViewController.swift */,
				06B015AF2104AE3E000A99E7 /* TestableCode.swift */,
				06B015922104AE18000A99E7 /* Main.storyboard */,
				06B0159A2104AE18000A99E7 /* Info.plist */,
				06B015B12104AE49000A99E7 /* Github */,
			);
			path = TestingWithCISample;
			sourceTree = "<group>";
		};
		06B015A22104AE18000A99E7 /* TestingWithCISampleTests */ = {
			isa = PBXGroup;
			children = (
				06B015BE2104AE78000A99E7 /* Tests.swift */,
				06B015A52104AE18000A99E7 /* Info.plist */,
			);
			path = TestingWithCISampleTests;
			sourceTree = "<group>";
		};
		06B015AE2104AE24000A99E7 /* Supporting Files */ = {
			isa = PBXGroup;
			children = (
				06B015BC2104AE51000A99E7 /* bigJson.json */,
				06B0158E2104AE18000A99E7 /* AppDelegate.swift */,
				06B015952104AE18000A99E7 /* Assets.xcassets */,
				06B015972104AE18000A99E7 /* LaunchScreen.storyboard */,
			);
			path = "Supporting Files";
			sourceTree = "<group>";
		};
		06B015B12104AE49000A99E7 /* Github */ = {
			isa = PBXGroup;
			children = (
				06B015B22104AE49000A99E7 /* GithubRepository.swift */,
				06B015B32104AE49000A99E7 /* GithubQueryResult.swift */,
				06B015B42104AE49000A99E7 /* GithubRequest.swift */,
				06B015B52104AE49000A99E7 /* GithubOwner.swift */,
				06B015B62104AE49000A99E7 /* GithubCode.swift */,
			);
			path = Github;
			sourceTree = "<group>";
		};
/* End PBXGroup section */

/* Begin PBXNativeTarget section */
		06B0158A2104AE18000A99E7 /* TestingWithCISample */ = {
			isa = PBXNativeTarget;
			buildConfigurationList = 06B015A82104AE18000A99E7 /* Build configuration list for PBXNativeTarget "TestingWithCISample" */;
			buildPhases = (
				06B015872104AE18000A99E7 /* Sources */,
				06B015882104AE18000A99E7 /* Frameworks */,
				06B015892104AE18000A99E7 /* Resources */,
			);
			buildRules = (
			);
			dependencies = (
			);
			name = TestingWithCISample;
			productName = TestingWithCISample;
			productReference = 06B0158B2104AE18000A99E7 /* TestingWithCISample.app */;
			productType = "com.apple.product-type.application";
		};
		06B0159E2104AE18000A99E7 /* TestingWithCISampleTests */ = {
			isa = PBXNativeTarget;
			buildConfigurationList = 06B015AB2104AE18000A99E7 /* Build configuration list for PBXNativeTarget "TestingWithCISampleTests" */;
			buildPhases = (
				06B0159B2104AE18000A99E7 /* Sources */,
				06B0159C2104AE18000A99E7 /* Frameworks */,
				06B0159D2104AE18000A99E7 /* Resources */,
			);
			buildRules = (
			);
			dependencies = (
				06B015A12104AE18000A99E7 /* PBXTargetDependency */,
			);
			name = TestingWithCISampleTests;
			productName = TestingWithCISampleTests;
			productReference = 06B0159F2104AE18000A99E7 /* TestingWithCISampleTests.xctest */;
			productType = "com.apple.product-type.bundle.unit-test";
		};
/* End PBXNativeTarget section */

/* Begin PBXProject section */
		06B015832104AE18000A99E7 /* Project object */ = {
			isa = PBXProject;
			attributes = {
				LastSwiftUpdateCheck = 0940;
				LastUpgradeCheck = 0940;
				ORGANIZATIONNAME = Sajad;
				TargetAttributes = {
					06B0158A2104AE18000A99E7 = {
						CreatedOnToolsVersion = 9.4.1;
					};
					06B0159E2104AE18000A99E7 = {
						CreatedOnToolsVersion = 9.4.1;
						LastSwiftMigration = 0940;
						TestTargetID = 06B0158A2104AE18000A99E7;
					};
				};
			};
			buildConfigurationList = 06B015862104AE18000A99E7 /* Build configuration list for PBXProject "TestingWithCISample" */;
			compatibilityVersion = "Xcode 9.3";
			developmentRegion = en;
			hasScannedForEncodings = 0;
			knownRegions = (
				en,
				Base,
			);
			mainGroup = 06B015822104AE18000A99E7;
			productRefGroup = 06B0158C2104AE18000A99E7 /* Products */;
			projectDirPath = "";
			projectRoot = "";
			targets = (
				06B0158A2104AE18000A99E7 /* TestingWithCISample */,
				06B0159E2104AE18000A99E7 /* TestingWithCISampleTests */,
			);
		};
/* End PBXProject section */

/* Begin PBXResourcesBuildPhase section */
		06B015892104AE18000A99E7 /* Resources */ = {
			isa = PBXResourcesBuildPhase;
			buildActionMask = 2147483647;
			files = (
				06B015BD2104AE51000A99E7 /* bigJson.json in Resources */,
				06B015992104AE18000A99E7 /* LaunchScreen.storyboard in Resources */,
				06B015962104AE18000A99E7 /* Assets.xcassets in Resources */,
				06B015942104AE18000A99E7 /* Main.storyboard in Resources */,
			);
			runOnlyForDeploymentPostprocessing = 0;
		};
		06B0159D2104AE18000A99E7 /* Resources */ = {
			isa = PBXResourcesBuildPhase;
			buildActionMask = 2147483647;
			files = (
			);
			runOnlyForDeploymentPostprocessing = 0;
		};
/* End PBXResourcesBuildPhase section */

/* Begin PBXSourcesBuildPhase section */
		06B015872104AE18000A99E7 /* Sources */ = {
			isa = PBXSourcesBuildPhase;
			buildActionMask = 2147483647;
			files = (
				06B015B92104AE49000A99E7 /* GithubRequest.swift in Sources */,
				06B015BB2104AE49000A99E7 /* GithubCode.swift in Sources */,
				06B015B72104AE49000A99E7 /* GithubRepository.swift in Sources */,
				06B015B02104AE3E000A99E7 /* TestableCode.swift in Sources */,
				06B015912104AE18000A99E7 /* ViewController.swift in Sources */,
				06B015BA2104AE49000A99E7 /* GithubOwner.swift in Sources */,
				06B0158F2104AE18000A99E7 /* AppDelegate.swift in Sources */,
				06B015B82104AE49000A99E7 /* GithubQueryResult.swift in Sources */,
			);
			runOnlyForDeploymentPostprocessing = 0;
		};
		06B0159B2104AE18000A99E7 /* Sources */ = {
			isa = PBXSourcesBuildPhase;
			buildActionMask = 2147483647;
			files = (
				06B015BF2104AE78000A99E7 /* Tests.swift in Sources */,
			);
			runOnlyForDeploymentPostprocessing = 0;
		};
/* End PBXSourcesBuildPhase section */

/* Begin PBXTargetDependency section */
		06B015A12104AE18000A99E7 /* PBXTargetDependency */ = {
			isa = PBXTargetDependency;
			target = 06B0158A2104AE18000A99E7 /* TestingWithCISample */;
			targetProxy = 06B015A02104AE18000A99E7 /* PBXContainerItemProxy */;
		};
/* End PBXTargetDependency section */

/* Begin PBXVariantGroup section */
		06B015922104AE18000A99E7 /* Main.storyboard */ = {
			isa = PBXVariantGroup;
			children = (
				06B015932104AE18000A99E7 /* Base */,
			);
			name = Main.storyboard;
			sourceTree = "<group>";
		};
		06B015972104AE18000A99E7 /* LaunchScreen.storyboard */ = {
			isa = PBXVariantGroup;
			children = (
				06B015982104AE18000A99E7 /* Base */,
			);
			name = LaunchScreen.storyboard;
			sourceTree = "<group>";
		};
/* End PBXVariantGroup section */

/* Begin XCBuildConfiguration section */
		06B015A62104AE18000A99E7 /* Debug */ = {
			isa = XCBuildConfiguration;
			buildSettings = {
				ALWAYS_SEARCH_USER_PATHS = NO;
				CLANG_ANALYZER_NONNULL = YES;
				CLANG_ANALYZER_NUMBER_OBJECT_CONVERSION = YES_AGGRESSIVE;
				CLANG_CXX_LANGUAGE_STANDARD = "gnu++14";
				CLANG_CXX_LIBRARY = "libc++";
				CLANG_ENABLE_MODULES = YES;
				CLANG_ENABLE_OBJC_ARC = YES;
				CLANG_ENABLE_OBJC_WEAK = YES;
				CLANG_WARN_BLOCK_CAPTURE_AUTORELEASING = YES;
				CLANG_WARN_BOOL_CONVERSION = YES;
				CLANG_WARN_COMMA = YES;
				CLANG_WARN_CONSTANT_CONVERSION = YES;
				CLANG_WARN_DEPRECATED_OBJC_IMPLEMENTATIONS = YES;
				CLANG_WARN_DIRECT_OBJC_ISA_USAGE = YES_ERROR;
				CLANG_WARN_DOCUMENTATION_COMMENTS = YES;
				CLANG_WARN_EMPTY_BODY = YES;
				CLANG_WARN_ENUM_CONVERSION = YES;
				CLANG_WARN_INFINITE_RECURSION = YES;
				CLANG_WARN_INT_CONVERSION = YES;
				CLANG_WARN_NON_LITERAL_NULL_CONVERSION = YES;
				CLANG_WARN_OBJC_IMPLICIT_RETAIN_SELF = YES;
				CLANG_WARN_OBJC_LITERAL_CONVERSION = YES;
				CLANG_WARN_OBJC_ROOT_CLASS = YES_ERROR;
				CLANG_WARN_RANGE_LOOP_ANALYSIS = YES;
				CLANG_WARN_STRICT_PROTOTYPES = YES;
				CLANG_WARN_SUSPICIOUS_MOVE = YES;
				CLANG_WARN_UNGUARDED_AVAILABILITY = YES_AGGRESSIVE;
				CLANG_WARN_UNREACHABLE_CODE = YES;
				CLANG_WARN__DUPLICATE_METHOD_MATCH = YES;
				CODE_SIGN_IDENTITY = "iPhone Developer";
				COPY_PHASE_STRIP = NO;
				DEBUG_INFORMATION_FORMAT = dwarf;
				ENABLE_STRICT_OBJC_MSGSEND = YES;
				ENABLE_TESTABILITY = YES;
				GCC_C_LANGUAGE_STANDARD = gnu11;
				GCC_DYNAMIC_NO_PIC = NO;
				GCC_NO_COMMON_BLOCKS = YES;
				GCC_OPTIMIZATION_LEVEL = 0;
				GCC_PREPROCESSOR_DEFINITIONS = (
					"DEBUG=1",
					"$(inherited)",
				);
				GCC_WARN_64_TO_32_BIT_CONVERSION = YES;
				GCC_WARN_ABOUT_RETURN_TYPE = YES_ERROR;
				GCC_WARN_UNDECLARED_SELECTOR = YES;
				GCC_WARN_UNINITIALIZED_AUTOS = YES_AGGRESSIVE;
				GCC_WARN_UNUSED_FUNCTION = YES;
				GCC_WARN_UNUSED_VARIABLE = YES;
				IPHONEOS_DEPLOYMENT_TARGET = 11.4;
				MTL_ENABLE_DEBUG_INFO = YES;
				ONLY_ACTIVE_ARCH = YES;
				SDKROOT = iphoneos;
				SWIFT_ACTIVE_COMPILATION_CONDITIONS = DEBUG;
				SWIFT_OPTIMIZATION_LEVEL = "-Onone";
			};
			name = Debug;
		};
		06B015A72104AE18000A99E7 /* Release */ = {
			isa = XCBuildConfiguration;
			buildSettings = {
				ALWAYS_SEARCH_USER_PATHS = NO;
				CLANG_ANALYZER_NONNULL = YES;
				CLANG_ANALYZER_NUMBER_OBJECT_CONVERSION = YES_AGGRESSIVE;
				CLANG_CXX_LANGUAGE_STANDARD = "gnu++14";
				CLANG_CXX_LIBRARY = "libc++";
				CLANG_ENABLE_MODULES = YES;
				CLANG_ENABLE_OBJC_ARC = YES;
				CLANG_ENABLE_OBJC_WEAK = YES;
				CLANG_WARN_BLOCK_CAPTURE_AUTORELEASING = YES;
				CLANG_WARN_BOOL_CONVERSION = YES;
				CLANG_WARN_COMMA = YES;
				CLANG_WARN_CONSTANT_CONVERSION = YES;
				CLANG_WARN_DEPRECATED_OBJC_IMPLEMENTATIONS = YES;
				CLANG_WARN_DIRECT_OBJC_ISA_USAGE = YES_ERROR;
				CLANG_WARN_DOCUMENTATION_COMMENTS = YES;
				CLANG_WARN_EMPTY_BODY = YES;
				CLANG_WARN_ENUM_CONVERSION = YES;
				CLANG_WARN_INFINITE_RECURSION = YES;
				CLANG_WARN_INT_CONVERSION = YES;
				CLANG_WARN_NON_LITERAL_NULL_CONVERSION = YES;
				CLANG_WARN_OBJC_IMPLICIT_RETAIN_SELF = YES;
				CLANG_WARN_OBJC_LITERAL_CONVERSION = YES;
				CLANG_WARN_OBJC_ROOT_CLASS = YES_ERROR;
				CLANG_WARN_RANGE_LOOP_ANALYSIS = YES;
				CLANG_WARN_STRICT_PROTOTYPES = YES;
				CLANG_WARN_SUSPICIOUS_MOVE = YES;
				CLANG_WARN_UNGUARDED_AVAILABILITY = YES_AGGRESSIVE;
				CLANG_WARN_UNREACHABLE_CODE = YES;
				CLANG_WARN__DUPLICATE_METHOD_MATCH = YES;
				CODE_SIGN_IDENTITY = "iPhone Developer";
				COPY_PHASE_STRIP = NO;
				DEBUG_INFORMATION_FORMAT = "dwarf-with-dsym";
				ENABLE_NS_ASSERTIONS = NO;
				ENABLE_STRICT_OBJC_MSGSEND = YES;
				GCC_C_LANGUAGE_STANDARD = gnu11;
				GCC_NO_COMMON_BLOCKS = YES;
				GCC_WARN_64_TO_32_BIT_CONVERSION = YES;
				GCC_WARN_ABOUT_RETURN_TYPE = YES_ERROR;
				GCC_WARN_UNDECLARED_SELECTOR = YES;
				GCC_WARN_UNINITIALIZED_AUTOS = YES_AGGRESSIVE;
				GCC_WARN_UNUSED_FUNCTION = YES;
				GCC_WARN_UNUSED_VARIABLE = YES;
				IPHONEOS_DEPLOYMENT_TARGET = 11.4;
				MTL_ENABLE_DEBUG_INFO = NO;
				SDKROOT = iphoneos;
				SWIFT_COMPILATION_MODE = wholemodule;
				SWIFT_OPTIMIZATION_LEVEL = "-O";
				VALIDATE_PRODUCT = YES;
			};
			name = Release;
		};
		06B015A92104AE18000A99E7 /* Debug */ = {
			isa = XCBuildConfiguration;
			buildSettings = {
				ASSETCATALOG_COMPILER_APPICON_NAME = AppIcon;
				CODE_SIGN_STYLE = Automatic;
				INFOPLIST_FILE = TestingWithCISample/Info.plist;
				LD_RUNPATH_SEARCH_PATHS = (
					"$(inherited)",
					"@executable_path/Frameworks",
				);
				PRODUCT_BUNDLE_IDENTIFIER = com.sajad.TestingWithCISample;
				PRODUCT_NAME = "$(TARGET_NAME)";
				SWIFT_VERSION = 4.0;
				TARGETED_DEVICE_FAMILY = "1,2";
			};
			name = Debug;
		};
		06B015AA2104AE18000A99E7 /* Release */ = {
			isa = XCBuildConfiguration;
			buildSettings = {
				ASSETCATALOG_COMPILER_APPICON_NAME = AppIcon;
				CODE_SIGN_STYLE = Automatic;
				INFOPLIST_FILE = TestingWithCISample/Info.plist;
				LD_RUNPATH_SEARCH_PATHS = (
					"$(inherited)",
					"@executable_path/Frameworks",
				);
				PRODUCT_BUNDLE_IDENTIFIER = com.sajad.TestingWithCISample;
				PRODUCT_NAME = "$(TARGET_NAME)";
				SWIFT_VERSION = 4.0;
				TARGETED_DEVICE_FAMILY = "1,2";
			};
			name = Release;
		};
		06B015AC2104AE18000A99E7 /* Debug */ = {
			isa = XCBuildConfiguration;
			buildSettings = {
				ALWAYS_EMBED_SWIFT_STANDARD_LIBRARIES = YES;
				BUNDLE_LOADER = "$(TEST_HOST)";
				CLANG_ENABLE_MODULES = YES;
				CODE_SIGN_STYLE = Automatic;
				INFOPLIST_FILE = TestingWithCISampleTests/Info.plist;
				LD_RUNPATH_SEARCH_PATHS = (
					"$(inherited)",
					"@executable_path/Frameworks",
					"@loader_path/Frameworks",
				);
				PRODUCT_BUNDLE_IDENTIFIER = com.sajad.TestingWithCISampleTests;
				PRODUCT_NAME = "$(TARGET_NAME)";
				SWIFT_OPTIMIZATION_LEVEL = "-Onone";
				SWIFT_VERSION = 4.0;
				TARGETED_DEVICE_FAMILY = "1,2";
				TEST_HOST = "$(BUILT_PRODUCTS_DIR)/TestingWithCISample.app/TestingWithCISample";
			};
			name = Debug;
		};
		06B015AD2104AE18000A99E7 /* Release */ = {
			isa = XCBuildConfiguration;
			buildSettings = {
				ALWAYS_EMBED_SWIFT_STANDARD_LIBRARIES = YES;
				BUNDLE_LOADER = "$(TEST_HOST)";
				CLANG_ENABLE_MODULES = YES;
				CODE_SIGN_STYLE = Automatic;
				INFOPLIST_FILE = TestingWithCISampleTests/Info.plist;
				LD_RUNPATH_SEARCH_PATHS = (
					"$(inherited)",
					"@executable_path/Frameworks",
					"@loader_path/Frameworks",
				);
				PRODUCT_BUNDLE_IDENTIFIER = com.sajad.TestingWithCISampleTests;
				PRODUCT_NAME = "$(TARGET_NAME)";
				SWIFT_VERSION = 4.0;
				TARGETED_DEVICE_FAMILY = "1,2";
				TEST_HOST = "$(BUILT_PRODUCTS_DIR)/TestingWithCISample.app/TestingWithCISample";
			};
			name = Release;
		};
/* End XCBuildConfiguration section */

/* Begin XCConfigurationList section */
		06B015862104AE18000A99E7 /* Build configuration list for PBXProject "TestingWithCISample" */ = {
			isa = XCConfigurationList;
			buildConfigurations = (
				06B015A62104AE18000A99E7 /* Debug */,
				06B015A72104AE18000A99E7 /* Release */,
			);
			defaultConfigurationIsVisible = 0;
			defaultConfigurationName = Release;
		};
		06B015A82104AE18000A99E7 /* Build configuration list for PBXNativeTarget "TestingWithCISample" */ = {
			isa = XCConfigurationList;
			buildConfigurations = (
				06B015A92104AE18000A99E7 /* Debug */,
				06B015AA2104AE18000A99E7 /* Release */,
			);
			defaultConfigurationIsVisible = 0;
			defaultConfigurationName = Release;
		};
		06B015AB2104AE18000A99E7 /* Build configuration list for PBXNativeTarget "TestingWithCISampleTests" */ = {
			isa = XCConfigurationList;
			buildConfigurations = (
				06B015AC2104AE18000A99E7 /* Debug */,
				06B015AD2104AE18000A99E7 /* Release */,
			);
			defaultConfigurationIsVisible = 0;
			defaultConfigurationName = Release;
		};
/* End XCConfigurationList section */
	};
	rootObject = 06B015832104AE18000A99E7 /* Project object */;
}
